
Microsoft Visual Studio Solution File, Format Version 12.00
# Visual Studio Version 16
VisualStudioVersion = 16.0.30611.23
MinimumVisualStudioVersion = 10.0.40219.1
Project("{D954291E-2A0B-460D-934E-DC6B0785DB48}") = "TestTap.Shared", "TestTap.Shared\TestTap.Shared.shproj", "{6279C845-92F8-4333-AB99-3D213163593C}"
EndProject
Project("{FAE04EC0-301F-11D3-BF4B-00C04F79EFBC}") = "TestTap.Droid", "TestTap.Droid\TestTap.Droid.csproj", "{6EEFA4BC-A08C-49C7-A568-A2478B27CEC0}"
EndProject
Project("{FAE04EC0-301F-11D3-BF4B-00C04F79EFBC}") = "TestTap.iOS", "TestTap.iOS\TestTap.iOS.csproj", "{789E6C37-6B7C-42D1-9644-ED885E8D4F23}"
EndProject
Project("{FAE04EC0-301F-11D3-BF4B-00C04F79EFBC}") = "TestTap.UWP", "TestTap.UWP\TestTap.UWP.csproj", "{A934BDC9-D2A3-4846-BE7E-FB3D573F4140}"
EndProject
Project("{9A19103F-16F7-4668-BE54-9A1E7A4F7556}") = "TestTap.Wasm", "TestTap.Wasm\TestTap.Wasm.csproj", "{ECE67FD9-86A2-45FA-8829-289F6FD0EA9C}"
EndProject
Project("{FAE04EC0-301F-11D3-BF4B-00C04F79EFBC}") = "TestTap.macOS", "TestTap.macOS\TestTap.macOS.csproj", "{35119A6A-2C88-4009-AE0A-2ABDD022112E}"
EndProject
Global
	GlobalSection(SharedMSBuildProjectFiles) = preSolution
		TestTap.Shared\TestTap.Shared.projitems*{6279c845-92f8-4333-ab99-3d213163593c}*SharedItemsImports = 13
		TestTap.Shared\TestTap.Shared.projitems*{a934bdc9-d2a3-4846-be7e-fb3d573f4140}*SharedItemsImports = 4
		TestTap.Shared\TestTap.Shared.projitems*{ece67fd9-86a2-45fa-8829-289f6fd0ea9c}*SharedItemsImports = 5
	EndGlobalSection
	GlobalSection(SolutionConfigurationPlatforms) = preSolution
		Ad-Hoc|Any CPU = Ad-Hoc|Any CPU
		Ad-Hoc|ARM = Ad-Hoc|ARM
		Ad-Hoc|ARM64 = Ad-Hoc|ARM64
		Ad-Hoc|iPhone = Ad-Hoc|iPhone
		Ad-Hoc|iPhoneSimulator = Ad-Hoc|iPhoneSimulator
		Ad-Hoc|x64 = Ad-Hoc|x64
		Ad-Hoc|x86 = Ad-Hoc|x86
		AppStore|Any CPU = AppStore|Any CPU
		AppStore|ARM = AppStore|ARM
		AppStore|ARM64 = AppStore|ARM64
		AppStore|iPhone = AppStore|iPhone
		AppStore|iPhoneSimulator = AppStore|iPhoneSimulator
		AppStore|x64 = AppStore|x64
		AppStore|x86 = AppStore|x86
		Debug|Any CPU = Debug|Any CPU
		Debug|ARM = Debug|ARM
		Debug|ARM64 = Debug|ARM64
		Debug|iPhone = Debug|iPhone
		Debug|iPhoneSimulator = Debug|iPhoneSimulator
		Debug|x64 = Debug|x64
		Debug|x86 = Debug|x86
		Release|Any CPU = Release|Any CPU
		Release|ARM = Release|ARM
		Release|ARM64 = Release|ARM64
		Release|iPhone = Release|iPhone
		Release|iPhoneSimulator = Release|iPhoneSimulator
		Release|x64 = Release|x64
		Release|x86 = Release|x86
	EndGlobalSection
	GlobalSection(ProjectConfigurationPlatforms) = postSolution
		{6EEFA4BC-A08C-49C7-A568-A2478B27CEC0}.Ad-Hoc|Any CPU.ActiveCfg = Debug|Any CPU
		{6EEFA4BC-A08C-49C7-A568-A2478B27CEC0}.Ad-Hoc|Any CPU.Build.0 = Debug|Any CPU
		{6EEFA4BC-A08C-49C7-A568-A2478B27CEC0}.Ad-Hoc|Any CPU.Deploy.0 = Debug|Any CPU
		{6EEFA4BC-A08C-49C7-A568-A2478B27CEC0}.Ad-Hoc|ARM.ActiveCfg = Debug|Any CPU
		{6EEFA4BC-A08C-49C7-A568-A2478B27CEC0}.Ad-Hoc|ARM.Build.0 = Debug|Any CPU
		{6EEFA4BC-A08C-49C7-A568-A2478B27CEC0}.Ad-Hoc|ARM.Deploy.0 = Debug|Any CPU
		{6EEFA4BC-A08C-49C7-A568-A2478B27CEC0}.Ad-Hoc|ARM64.ActiveCfg = Debug|Any CPU
		{6EEFA4BC-A08C-49C7-A568-A2478B27CEC0}.Ad-Hoc|ARM64.Build.0 = Debug|Any CPU
		{6EEFA4BC-A08C-49C7-A568-A2478B27CEC0}.Ad-Hoc|ARM64.Deploy.0 = Debug|Any CPU
		{6EEFA4BC-A08C-49C7-A568-A2478B27CEC0}.Ad-Hoc|iPhone.ActiveCfg = Debug|Any CPU
		{6EEFA4BC-A08C-49C7-A568-A2478B27CEC0}.Ad-Hoc|iPhone.Build.0 = Debug|Any CPU
		{6EEFA4BC-A08C-49C7-A568-A2478B27CEC0}.Ad-Hoc|iPhone.Deploy.0 = Debug|Any CPU
		{6EEFA4BC-A08C-49C7-A568-A2478B27CEC0}.Ad-Hoc|iPhoneSimulator.ActiveCfg = Debug|Any CPU
		{6EEFA4BC-A08C-49C7-A568-A2478B27CEC0}.Ad-Hoc|iPhoneSimulator.Build.0 = Debug|Any CPU
		{6EEFA4BC-A08C-49C7-A568-A2478B27CEC0}.Ad-Hoc|iPhoneSimulator.Deploy.0 = Debug|Any CPU
		{6EEFA4BC-A08C-49C7-A568-A2478B27CEC0}.Ad-Hoc|x64.ActiveCfg = Debug|Any CPU
		{6EEFA4BC-A08C-49C7-A568-A2478B27CEC0}.Ad-Hoc|x64.Build.0 = Debug|Any CPU
		{6EEFA4BC-A08C-49C7-A568-A2478B27CEC0}.Ad-Hoc|x64.Deploy.0 = Debug|Any CPU
		{6EEFA4BC-A08C-49C7-A568-A2478B27CEC0}.Ad-Hoc|x86.ActiveCfg = Debug|Any CPU
		{6EEFA4BC-A08C-49C7-A568-A2478B27CEC0}.Ad-Hoc|x86.Build.0 = Debug|Any CPU
		{6EEFA4BC-A08C-49C7-A568-A2478B27CEC0}.Ad-Hoc|x86.Deploy.0 = Debug|Any CPU
		{6EEFA4BC-A08C-49C7-A568-A2478B27CEC0}.AppStore|Any CPU.ActiveCfg = Debug|Any CPU
		{6EEFA4BC-A08C-49C7-A568-A2478B27CEC0}.AppStore|Any CPU.Build.0 = Debug|Any CPU
		{6EEFA4BC-A08C-49C7-A568-A2478B27CEC0}.AppStore|Any CPU.Deploy.0 = Debug|Any CPU
		{6EEFA4BC-A08C-49C7-A568-A2478B27CEC0}.AppStore|ARM.ActiveCfg = Debug|Any CPU
		{6EEFA4BC-A08C-49C7-A568-A2478B27CEC0}.AppStore|ARM.Build.0 = Debug|Any CPU
		{6EEFA4BC-A08C-49C7-A568-A2478B27CEC0}.AppStore|ARM.Deploy.0 = Debug|Any CPU
		{6EEFA4BC-A08C-49C7-A568-A2478B27CEC0}.AppStore|ARM64.ActiveCfg = Debug|Any CPU
		{6EEFA4BC-A08C-49C7-A568-A2478B27CEC0}.AppStore|ARM64.Build.0 = Debug|Any CPU
		{6EEFA4BC-A08C-49C7-A568-A2478B27CEC0}.AppStore|ARM64.Deploy.0 = Debug|Any CPU
		{6EEFA4BC-A08C-49C7-A568-A2478B27CEC0}.AppStore|iPhone.ActiveCfg = Debug|Any CPU
		{6EEFA4BC-A08C-49C7-A568-A2478B27CEC0}.AppStore|iPhone.Build.0 = Debug|Any CPU
		{6EEFA4BC-A08C-49C7-A568-A2478B27CEC0}.AppStore|iPhone.Deploy.0 = Debug|Any CPU
		{6EEFA4BC-A08C-49C7-A568-A2478B27CEC0}.AppStore|iPhoneSimulator.ActiveCfg = Debug|Any CPU
		{6EEFA4BC-A08C-49C7-A568-A2478B27CEC0}.AppStore|iPhoneSimulator.Build.0 = Debug|Any CPU
		{6EEFA4BC-A08C-49C7-A568-A2478B27CEC0}.AppStore|iPhoneSimulator.Deploy.0 = Debug|Any CPU
		{6EEFA4BC-A08C-49C7-A568-A2478B27CEC0}.AppStore|x64.ActiveCfg = Debug|Any CPU
		{6EEFA4BC-A08C-49C7-A568-A2478B27CEC0}.AppStore|x64.Build.0 = Debug|Any CPU
		{6EEFA4BC-A08C-49C7-A568-A2478B27CEC0}.AppStore|x64.Deploy.0 = Debug|Any CPU
		{6EEFA4BC-A08C-49C7-A568-A2478B27CEC0}.AppStore|x86.ActiveCfg = Debug|Any CPU
		{6EEFA4BC-A08C-49C7-A568-A2478B27CEC0}.AppStore|x86.Build.0 = Debug|Any CPU
		{6EEFA4BC-A08C-49C7-A568-A2478B27CEC0}.AppStore|x86.Deploy.0 = Debug|Any CPU
		{6EEFA4BC-A08C-49C7-A568-A2478B27CEC0}.Debug|Any CPU.ActiveCfg = Debug|Any CPU
		{6EEFA4BC-A08C-49C7-A568-A2478B27CEC0}.Debug|Any CPU.Build.0 = Debug|Any CPU
		{6EEFA4BC-A08C-49C7-A568-A2478B27CEC0}.Debug|Any CPU.Deploy.0 = Debug|Any CPU
		{6EEFA4BC-A08C-49C7-A568-A2478B27CEC0}.Debug|ARM.ActiveCfg = Debug|Any CPU
		{6EEFA4BC-A08C-49C7-A568-A2478B27CEC0}.Debug|ARM.Build.0 = Debug|Any CPU
		{6EEFA4BC-A08C-49C7-A568-A2478B27CEC0}.Debug|ARM.Deploy.0 = Debug|Any CPU
		{6EEFA4BC-A08C-49C7-A568-A2478B27CEC0}.Debug|ARM64.ActiveCfg = Debug|Any CPU
		{6EEFA4BC-A08C-49C7-A568-A2478B27CEC0}.Debug|ARM64.Build.0 = Debug|Any CPU
		{6EEFA4BC-A08C-49C7-A568-A2478B27CEC0}.Debug|ARM64.Deploy.0 = Debug|Any CPU
		{6EEFA4BC-A08C-49C7-A568-A2478B27CEC0}.Debug|iPhone.ActiveCfg = Debug|Any CPU
		{6EEFA4BC-A08C-49C7-A568-A2478B27CEC0}.Debug|iPhone.Build.0 = Debug|Any CPU
		{6EEFA4BC-A08C-49C7-A568-A2478B27CEC0}.Debug|iPhone.Deploy.0 = Debug|Any CPU
		{6EEFA4BC-A08C-49C7-A568-A2478B27CEC0}.Debug|iPhoneSimulator.ActiveCfg = Debug|Any CPU
		{6EEFA4BC-A08C-49C7-A568-A2478B27CEC0}.Debug|iPhoneSimulator.Build.0 = Debug|Any CPU
		{6EEFA4BC-A08C-49C7-A568-A2478B27CEC0}.Debug|iPhoneSimulator.Deploy.0 = Debug|Any CPU
		{6EEFA4BC-A08C-49C7-A568-A2478B27CEC0}.Debug|x64.ActiveCfg = Debug|Any CPU
		{6EEFA4BC-A08C-49C7-A568-A2478B27CEC0}.Debug|x64.Build.0 = Debug|Any CPU
		{6EEFA4BC-A08C-49C7-A568-A2478B27CEC0}.Debug|x64.Deploy.0 = Debug|Any CPU
		{6EEFA4BC-A08C-49C7-A568-A2478B27CEC0}.Debug|x86.ActiveCfg = Debug|Any CPU
		{6EEFA4BC-A08C-49C7-A568-A2478B27CEC0}.Debug|x86.Build.0 = Debug|Any CPU
		{6EEFA4BC-A08C-49C7-A568-A2478B27CEC0}.Debug|x86.Deploy.0 = Debug|Any CPU
		{6EEFA4BC-A08C-49C7-A568-A2478B27CEC0}.Release|Any CPU.ActiveCfg = Release|Any CPU
		{6EEFA4BC-A08C-49C7-A568-A2478B27CEC0}.Release|Any CPU.Build.0 = Release|Any CPU
		{6EEFA4BC-A08C-49C7-A568-A2478B27CEC0}.Release|Any CPU.Deploy.0 = Release|Any CPU
		{6EEFA4BC-A08C-49C7-A568-A2478B27CEC0}.Release|ARM.ActiveCfg = Release|Any CPU
		{6EEFA4BC-A08C-49C7-A568-A2478B27CEC0}.Release|ARM.Build.0 = Release|Any CPU
		{6EEFA4BC-A08C-49C7-A568-A2478B27CEC0}.Release|ARM.Deploy.0 = Release|Any CPU
		{6EEFA4BC-A08C-49C7-A568-A2478B27CEC0}.Release|ARM64.ActiveCfg = Release|Any CPU
		{6EEFA4BC-A08C-49C7-A568-A2478B27CEC0}.Release|ARM64.Build.0 = Release|Any CPU
		{6EEFA4BC-A08C-49C7-A568-A2478B27CEC0}.Release|ARM64.Deploy.0 = Release|Any CPU
		{6EEFA4BC-A08C-49C7-A568-A2478B27CEC0}.Release|iPhone.ActiveCfg = Release|Any CPU
		{6EEFA4BC-A08C-49C7-A568-A2478B27CEC0}.Release|iPhone.Build.0 = Release|Any CPU
		{6EEFA4BC-A08C-49C7-A568-A2478B27CEC0}.Release|iPhone.Deploy.0 = Release|Any CPU
		{6EEFA4BC-A08C-49C7-A568-A2478B27CEC0}.Release|iPhoneSimulator.ActiveCfg = Release|Any CPU
		{6EEFA4BC-A08C-49C7-A568-A2478B27CEC0}.Release|iPhoneSimulator.Build.0 = Release|Any CPU
		{6EEFA4BC-A08C-49C7-A568-A2478B27CEC0}.Release|iPhoneSimulator.Deploy.0 = Release|Any CPU
		{6EEFA4BC-A08C-49C7-A568-A2478B27CEC0}.Release|x64.ActiveCfg = Release|Any CPU
		{6EEFA4BC-A08C-49C7-A568-A2478B27CEC0}.Release|x64.Build.0 = Release|Any CPU
		{6EEFA4BC-A08C-49C7-A568-A2478B27CEC0}.Release|x64.Deploy.0 = Release|Any CPU
		{6EEFA4BC-A08C-49C7-A568-A2478B27CEC0}.Release|x86.ActiveCfg = Release|Any CPU
		{6EEFA4BC-A08C-49C7-A568-A2478B27CEC0}.Release|x86.Build.0 = Release|Any CPU
		{6EEFA4BC-A08C-49C7-A568-A2478B27CEC0}.Release|x86.Deploy.0 = Release|Any CPU
		{789E6C37-6B7C-42D1-9644-ED885E8D4F23}.Ad-Hoc|Any CPU.ActiveCfg = Ad-Hoc|iPhoneSimulator
		{789E6C37-6B7C-42D1-9644-ED885E8D4F23}.Ad-Hoc|ARM.ActiveCfg = Ad-Hoc|iPhoneSimulator
		{789E6C37-6B7C-42D1-9644-ED885E8D4F23}.Ad-Hoc|ARM64.ActiveCfg = Ad-Hoc|iPhoneSimulator
		{789E6C37-6B7C-42D1-9644-ED885E8D4F23}.Ad-Hoc|iPhone.ActiveCfg = Ad-Hoc|iPhone
		{789E6C37-6B7C-42D1-9644-ED885E8D4F23}.Ad-Hoc|iPhone.Build.0 = Ad-Hoc|iPhone
		{789E6C37-6B7C-42D1-9644-ED885E8D4F23}.Ad-Hoc|iPhoneSimulator.ActiveCfg = Ad-Hoc|iPhoneSimulator
		{789E6C37-6B7C-42D1-9644-ED885E8D4F23}.Ad-Hoc|iPhoneSimulator.Build.0 = Ad-Hoc|iPhoneSimulator
		{789E6C37-6B7C-42D1-9644-ED885E8D4F23}.Ad-Hoc|x64.ActiveCfg = Ad-Hoc|iPhoneSimulator
		{789E6C37-6B7C-42D1-9644-ED885E8D4F23}.Ad-Hoc|x86.ActiveCfg = Ad-Hoc|iPhoneSimulator
		{789E6C37-6B7C-42D1-9644-ED885E8D4F23}.AppStore|Any CPU.ActiveCfg = AppStore|iPhoneSimulator
		{789E6C37-6B7C-42D1-9644-ED885E8D4F23}.AppStore|ARM.ActiveCfg = AppStore|iPhoneSimulator
		{789E6C37-6B7C-42D1-9644-ED885E8D4F23}.AppStore|ARM64.ActiveCfg = AppStore|iPhoneSimulator
		{789E6C37-6B7C-42D1-9644-ED885E8D4F23}.AppStore|iPhone.ActiveCfg = AppStore|iPhone
		{789E6C37-6B7C-42D1-9644-ED885E8D4F23}.AppStore|iPhone.Build.0 = AppStore|iPhone
		{789E6C37-6B7C-42D1-9644-ED885E8D4F23}.AppStore|iPhoneSimulator.ActiveCfg = AppStore|iPhoneSimulator
		{789E6C37-6B7C-42D1-9644-ED885E8D4F23}.AppStore|iPhoneSimulator.Build.0 = AppStore|iPhoneSimulator
		{789E6C37-6B7C-42D1-9644-ED885E8D4F23}.AppStore|x64.ActiveCfg = AppStore|iPhoneSimulator
		{789E6C37-6B7C-42D1-9644-ED885E8D4F23}.AppStore|x86.ActiveCfg = AppStore|iPhoneSimulator
		{789E6C37-6B7C-42D1-9644-ED885E8D4F23}.Debug|Any CPU.ActiveCfg = Debug|iPhoneSimulator
		{789E6C37-6B7C-42D1-9644-ED885E8D4F23}.Debug|ARM.ActiveCfg = Debug|iPhoneSimulator
		{789E6C37-6B7C-42D1-9644-ED885E8D4F23}.Debug|ARM64.ActiveCfg = Debug|iPhoneSimulator
		{789E6C37-6B7C-42D1-9644-ED885E8D4F23}.Debug|iPhone.ActiveCfg = Debug|iPhone
		{789E6C37-6B7C-42D1-9644-ED885E8D4F23}.Debug|iPhone.Build.0 = Debug|iPhone
		{789E6C37-6B7C-42D1-9644-ED885E8D4F23}.Debug|iPhoneSimulator.ActiveCfg = Debug|iPhoneSimulator
		{789E6C37-6B7C-42D1-9644-ED885E8D4F23}.Debug|iPhoneSimulator.Build.0 = Debug|iPhoneSimulator
		{789E6C37-6B7C-42D1-9644-ED885E8D4F23}.Debug|x64.ActiveCfg = Debug|iPhoneSimulator
		{789E6C37-6B7C-42D1-9644-ED885E8D4F23}.Debug|x86.ActiveCfg = Debug|iPhoneSimulator
		{789E6C37-6B7C-42D1-9644-ED885E8D4F23}.Release|Any CPU.ActiveCfg = Release|iPhoneSimulator
		{789E6C37-6B7C-42D1-9644-ED885E8D4F23}.Release|ARM.ActiveCfg = Release|iPhoneSimulator
		{789E6C37-6B7C-42D1-9644-ED885E8D4F23}.Release|ARM64.ActiveCfg = Release|iPhoneSimulator
		{789E6C37-6B7C-42D1-9644-ED885E8D4F23}.Release|iPhone.ActiveCfg = Release|iPhone
		{789E6C37-6B7C-42D1-9644-ED885E8D4F23}.Release|iPhone.Build.0 = Release|iPhone
		{789E6C37-6B7C-42D1-9644-ED885E8D4F23}.Release|iPhoneSimulator.ActiveCfg = Release|iPhoneSimulator
		{789E6C37-6B7C-42D1-9644-ED885E8D4F23}.Release|iPhoneSimulator.Build.0 = Release|iPhoneSimulator
		{789E6C37-6B7C-42D1-9644-ED885E8D4F23}.Release|x64.ActiveCfg = Release|iPhoneSimulator
		{789E6C37-6B7C-42D1-9644-ED885E8D4F23}.Release|x86.ActiveCfg = Release|iPhoneSimulator
		{A934BDC9-D2A3-4846-BE7E-FB3D573F4140}.Ad-Hoc|Any CPU.ActiveCfg = Debug|x86
		{A934BDC9-D2A3-4846-BE7E-FB3D573F4140}.Ad-Hoc|Any CPU.Build.0 = Debug|x86
		{A934BDC9-D2A3-4846-BE7E-FB3D573F4140}.Ad-Hoc|Any CPU.Deploy.0 = Debug|x86
		{A934BDC9-D2A3-4846-BE7E-FB3D573F4140}.Ad-Hoc|ARM.ActiveCfg = Debug|ARM
		{A934BDC9-D2A3-4846-BE7E-FB3D573F4140}.Ad-Hoc|ARM.Build.0 = Debug|ARM
		{A934BDC9-D2A3-4846-BE7E-FB3D573F4140}.Ad-Hoc|ARM.Deploy.0 = Debug|ARM
		{A934BDC9-D2A3-4846-BE7E-FB3D573F4140}.Ad-Hoc|ARM64.ActiveCfg = Debug|ARM64
		{A934BDC9-D2A3-4846-BE7E-FB3D573F4140}.Ad-Hoc|ARM64.Build.0 = Debug|ARM64
		{A934BDC9-D2A3-4846-BE7E-FB3D573F4140}.Ad-Hoc|ARM64.Deploy.0 = Debug|ARM64
		{A934BDC9-D2A3-4846-BE7E-FB3D573F4140}.Ad-Hoc|iPhone.ActiveCfg = Debug|x86
		{A934BDC9-D2A3-4846-BE7E-FB3D573F4140}.Ad-Hoc|iPhone.Build.0 = Debug|x86
		{A934BDC9-D2A3-4846-BE7E-FB3D573F4140}.Ad-Hoc|iPhone.Deploy.0 = Debug|x86
		{A934BDC9-D2A3-4846-BE7E-FB3D573F4140}.Ad-Hoc|iPhoneSimulator.ActiveCfg = Debug|x86
		{A934BDC9-D2A3-4846-BE7E-FB3D573F4140}.Ad-Hoc|iPhoneSimulator.Build.0 = Debug|x86
		{A934BDC9-D2A3-4846-BE7E-FB3D573F4140}.Ad-Hoc|iPhoneSimulator.Deploy.0 = Debug|x86
		{A934BDC9-D2A3-4846-BE7E-FB3D573F4140}.Ad-Hoc|x64.ActiveCfg = Debug|x64
		{A934BDC9-D2A3-4846-BE7E-FB3D573F4140}.Ad-Hoc|x64.Build.0 = Debug|x64
		{A934BDC9-D2A3-4846-BE7E-FB3D573F4140}.Ad-Hoc|x64.Deploy.0 = Debug|x64
		{A934BDC9-D2A3-4846-BE7E-FB3D573F4140}.Ad-Hoc|x86.ActiveCfg = Debug|x86
		{A934BDC9-D2A3-4846-BE7E-FB3D573F4140}.Ad-Hoc|x86.Build.0 = Debug|x86
		{A934BDC9-D2A3-4846-BE7E-FB3D573F4140}.Ad-Hoc|x86.Deploy.0 = Debug|x86
		{A934BDC9-D2A3-4846-BE7E-FB3D573F4140}.AppStore|Any CPU.ActiveCfg = Debug|x86
		{A934BDC9-D2A3-4846-BE7E-FB3D573F4140}.AppStore|Any CPU.Build.0 = Debug|x86
		{A934BDC9-D2A3-4846-BE7E-FB3D573F4140}.AppStore|Any CPU.Deploy.0 = Debug|x86
		{A934BDC9-D2A3-4846-BE7E-FB3D573F4140}.AppStore|ARM.ActiveCfg = Debug|ARM
		{A934BDC9-D2A3-4846-BE7E-FB3D573F4140}.AppStore|ARM.Build.0 = Debug|ARM
		{A934BDC9-D2A3-4846-BE7E-FB3D573F4140}.AppStore|ARM.Deploy.0 = Debug|ARM
		{A934BDC9-D2A3-4846-BE7E-FB3D573F4140}.AppStore|ARM64.ActiveCfg = Debug|ARM64
		{A934BDC9-D2A3-4846-BE7E-FB3D573F4140}.AppStore|ARM64.Build.0 = Debug|ARM64
		{A934BDC9-D2A3-4846-BE7E-FB3D573F4140}.AppStore|ARM64.Deploy.0 = Debug|ARM64
		{A934BDC9-D2A3-4846-BE7E-FB3D573F4140}.AppStore|iPhone.ActiveCfg = Debug|x86
		{A934BDC9-D2A3-4846-BE7E-FB3D573F4140}.AppStore|iPhone.Build.0 = Debug|x86
		{A934BDC9-D2A3-4846-BE7E-FB3D573F4140}.AppStore|iPhone.Deploy.0 = Debug|x86
		{A934BDC9-D2A3-4846-BE7E-FB3D573F4140}.AppStore|iPhoneSimulator.ActiveCfg = Debug|x86
		{A934BDC9-D2A3-4846-BE7E-FB3D573F4140}.AppStore|iPhoneSimulator.Build.0 = Debug|x86
		{A934BDC9-D2A3-4846-BE7E-FB3D573F4140}.AppStore|iPhoneSimulator.Deploy.0 = Debug|x86
		{A934BDC9-D2A3-4846-BE7E-FB3D573F4140}.AppStore|x64.ActiveCfg = Debug|x64
		{A934BDC9-D2A3-4846-BE7E-FB3D573F4140}.AppStore|x64.Build.0 = Debug|x64
		{A934BDC9-D2A3-4846-BE7E-FB3D573F4140}.AppStore|x64.Deploy.0 = Debug|x64
		{A934BDC9-D2A3-4846-BE7E-FB3D573F4140}.AppStore|x86.ActiveCfg = Debug|x86
		{A934BDC9-D2A3-4846-BE7E-FB3D573F4140}.AppStore|x86.Build.0 = Debug|x86
		{A934BDC9-D2A3-4846-BE7E-FB3D573F4140}.AppStore|x86.Deploy.0 = Debug|x86
		{A934BDC9-D2A3-4846-BE7E-FB3D573F4140}.Debug|Any CPU.ActiveCfg = Debug|x86
		{A934BDC9-D2A3-4846-BE7E-FB3D573F4140}.Debug|Any CPU.Build.0 = Debug|x86
		{A934BDC9-D2A3-4846-BE7E-FB3D573F4140}.Debug|Any CPU.Deploy.0 = Debug|x86
		{A934BDC9-D2A3-4846-BE7E-FB3D573F4140}.Debug|ARM.ActiveCfg = Debug|ARM
		{A934BDC9-D2A3-4846-BE7E-FB3D573F4140}.Debug|ARM.Build.0 = Debug|ARM
		{A934BDC9-D2A3-4846-BE7E-FB3D573F4140}.Debug|ARM.Deploy.0 = Debug|ARM
		{A934BDC9-D2A3-4846-BE7E-FB3D573F4140}.Debug|ARM64.ActiveCfg = Debug|ARM64
		{A934BDC9-D2A3-4846-BE7E-FB3D573F4140}.Debug|ARM64.Build.0 = Debug|ARM64
		{A934BDC9-D2A3-4846-BE7E-FB3D573F4140}.Debug|ARM64.Deploy.0 = Debug|ARM64
		{A934BDC9-D2A3-4846-BE7E-FB3D573F4140}.Debug|iPhone.ActiveCfg = Debug|x86
		{A934BDC9-D2A3-4846-BE7E-FB3D573F4140}.Debug|iPhoneSimulator.ActiveCfg = Debug|x86
		{A934BDC9-D2A3-4846-BE7E-FB3D573F4140}.Debug|x64.ActiveCfg = Debug|x64
		{A934BDC9-D2A3-4846-BE7E-FB3D573F4140}.Debug|x64.Build.0 = Debug|x64
		{A934BDC9-D2A3-4846-BE7E-FB3D573F4140}.Debug|x64.Deploy.0 = Debug|x64
		{A934BDC9-D2A3-4846-BE7E-FB3D573F4140}.Debug|x86.ActiveCfg = Debug|x86
		{A934BDC9-D2A3-4846-BE7E-FB3D573F4140}.Debug|x86.Build.0 = Debug|x86
		{A934BDC9-D2A3-4846-BE7E-FB3D573F4140}.Debug|x86.Deploy.0 = Debug|x86
		{A934BDC9-D2A3-4846-BE7E-FB3D573F4140}.Release|Any CPU.ActiveCfg = Release|x86
		{A934BDC9-D2A3-4846-BE7E-FB3D573F4140}.Release|ARM.ActiveCfg = Release|ARM
		{A934BDC9-D2A3-4846-BE7E-FB3D573F4140}.Release|ARM.Build.0 = Release|ARM
		{A934BDC9-D2A3-4846-BE7E-FB3D573F4140}.Release|ARM.Deploy.0 = Release|ARM
		{A934BDC9-D2A3-4846-BE7E-FB3D573F4140}.Release|ARM64.ActiveCfg = Release|ARM64
		{A934BDC9-D2A3-4846-BE7E-FB3D573F4140}.Release|ARM64.Build.0 = Release|ARM64
		{A934BDC9-D2A3-4846-BE7E-FB3D573F4140}.Release|ARM64.Deploy.0 = Release|ARM64
		{A934BDC9-D2A3-4846-BE7E-FB3D573F4140}.Release|iPhone.ActiveCfg = Release|x86
		{A934BDC9-D2A3-4846-BE7E-FB3D573F4140}.Release|iPhoneSimulator.ActiveCfg = Release|x86
		{A934BDC9-D2A3-4846-BE7E-FB3D573F4140}.Release|x64.ActiveCfg = Release|x64
		{A934BDC9-D2A3-4846-BE7E-FB3D573F4140}.Release|x64.Build.0 = Release|x64
		{A934BDC9-D2A3-4846-BE7E-FB3D573F4140}.Release|x64.Deploy.0 = Release|x64
		{A934BDC9-D2A3-4846-BE7E-FB3D573F4140}.Release|x86.ActiveCfg = Release|x86
		{A934BDC9-D2A3-4846-BE7E-FB3D573F4140}.Release|x86.Build.0 = Release|x86
		{A934BDC9-D2A3-4846-BE7E-FB3D573F4140}.Release|x86.Deploy.0 = Release|x86
		{ECE67FD9-86A2-45FA-8829-289F6FD0EA9C}.Ad-Hoc|Any CPU.ActiveCfg = Release|Any CPU
		{ECE67FD9-86A2-45FA-8829-289F6FD0EA9C}.Ad-Hoc|Any CPU.Build.0 = Release|Any CPU
		{ECE67FD9-86A2-45FA-8829-289F6FD0EA9C}.Ad-Hoc|ARM.ActiveCfg = Release|Any CPU
		{ECE67FD9-86A2-45FA-8829-289F6FD0EA9C}.Ad-Hoc|ARM.Build.0 = Release|Any CPU
		{ECE67FD9-86A2-45FA-8829-289F6FD0EA9C}.Ad-Hoc|ARM64.ActiveCfg = Release|Any CPU
		{ECE67FD9-86A2-45FA-8829-289F6FD0EA9C}.Ad-Hoc|ARM64.Build.0 = Release|Any CPU
		{ECE67FD9-86A2-45FA-8829-289F6FD0EA9C}.Ad-Hoc|iPhone.ActiveCfg = Release|Any CPU
		{ECE67FD9-86A2-45FA-8829-289F6FD0EA9C}.Ad-Hoc|iPhone.Build.0 = Release|Any CPU
		{ECE67FD9-86A2-45FA-8829-289F6FD0EA9C}.Ad-Hoc|iPhoneSimulator.ActiveCfg = Release|Any CPU
		{ECE67FD9-86A2-45FA-8829-289F6FD0EA9C}.Ad-Hoc|iPhoneSimulator.Build.0 = Release|Any CPU
		{ECE67FD9-86A2-45FA-8829-289F6FD0EA9C}.Ad-Hoc|x64.ActiveCfg = Release|Any CPU
		{ECE67FD9-86A2-45FA-8829-289F6FD0EA9C}.Ad-Hoc|x64.Build.0 = Release|Any CPU
		{ECE67FD9-86A2-45FA-8829-289F6FD0EA9C}.Ad-Hoc|x86.ActiveCfg = Release|Any CPU
		{ECE67FD9-86A2-45FA-8829-289F6FD0EA9C}.Ad-Hoc|x86.Build.0 = Release|Any CPU
		{ECE67FD9-86A2-45FA-8829-289F6FD0EA9C}.AppStore|Any CPU.ActiveCfg = Release|Any CPU
		{ECE67FD9-86A2-45FA-8829-289F6FD0EA9C}.AppStore|Any CPU.Build.0 = Release|Any CPU
		{ECE67FD9-86A2-45FA-8829-289F6FD0EA9C}.AppStore|ARM.ActiveCfg = Release|Any CPU
		{ECE67FD9-86A2-45FA-8829-289F6FD0EA9C}.AppStore|ARM.Build.0 = Release|Any CPU
		{ECE67FD9-86A2-45FA-8829-289F6FD0EA9C}.AppStore|ARM64.ActiveCfg = Release|Any CPU
		{ECE67FD9-86A2-45FA-8829-289F6FD0EA9C}.AppStore|ARM64.Build.0 = Release|Any CPU
		{ECE67FD9-86A2-45FA-8829-289F6FD0EA9C}.AppStore|iPhone.ActiveCfg = Release|Any CPU
		{ECE67FD9-86A2-45FA-8829-289F6FD0EA9C}.AppStore|iPhone.Build.0 = Release|Any CPU
		{ECE67FD9-86A2-45FA-8829-289F6FD0EA9C}.AppStore|iPhoneSimulator.ActiveCfg = Release|Any CPU
		{ECE67FD9-86A2-45FA-8829-289F6FD0EA9C}.AppStore|iPhoneSimulator.Build.0 = Release|Any CPU
		{ECE67FD9-86A2-45FA-8829-289F6FD0EA9C}.AppStore|x64.ActiveCfg = Release|Any CPU
		{ECE67FD9-86A2-45FA-8829-289F6FD0EA9C}.AppStore|x64.Build.0 = Release|Any CPU
		{ECE67FD9-86A2-45FA-8829-289F6FD0EA9C}.AppStore|x86.ActiveCfg = Release|Any CPU
		{ECE67FD9-86A2-45FA-8829-289F6FD0EA9C}.AppStore|x86.Build.0 = Release|Any CPU
		{ECE67FD9-86A2-45FA-8829-289F6FD0EA9C}.Debug|Any CPU.ActiveCfg = Debug|Any CPU
		{ECE67FD9-86A2-45FA-8829-289F6FD0EA9C}.Debug|Any CPU.Build.0 = Debug|Any CPU
		{ECE67FD9-86A2-45FA-8829-289F6FD0EA9C}.Debug|ARM.ActiveCfg = Debug|Any CPU
		{ECE67FD9-86A2-45FA-8829-289F6FD0EA9C}.Debug|ARM.Build.0 = Debug|Any CPU
		{ECE67FD9-86A2-45FA-8829-289F6FD0EA9C}.Debug|ARM64.ActiveCfg = Debug|Any CPU
		{ECE67FD9-86A2-45FA-8829-289F6FD0EA9C}.Debug|ARM64.Build.0 = Debug|Any CPU
		{ECE67FD9-86A2-45FA-8829-289F6FD0EA9C}.Debug|iPhone.ActiveCfg = Debug|Any CPU
		{ECE67FD9-86A2-45FA-8829-289F6FD0EA9C}.Debug|iPhone.Build.0 = Debug|Any CPU
		{ECE67FD9-86A2-45FA-8829-289F6FD0EA9C}.Debug|iPhoneSimulator.ActiveCfg = Debug|Any CPU
		{ECE67FD9-86A2-45FA-8829-289F6FD0EA9C}.Debug|iPhoneSimulator.Build.0 = Debug|Any CPU
		{ECE67FD9-86A2-45FA-8829-289F6FD0EA9C}.Debug|x64.ActiveCfg = Debug|Any CPU
		{ECE67FD9-86A2-45FA-8829-289F6FD0EA9C}.Debug|x64.Build.0 = Debug|Any CPU
		{ECE67FD9-86A2-45FA-8829-289F6FD0EA9C}.Debug|x86.ActiveCfg = Debug|Any CPU
		{ECE67FD9-86A2-45FA-8829-289F6FD0EA9C}.Debug|x86.Build.0 = Debug|Any CPU
		{ECE67FD9-86A2-45FA-8829-289F6FD0EA9C}.Release|Any CPU.ActiveCfg = Release|Any CPU
		{ECE67FD9-86A2-45FA-8829-289F6FD0EA9C}.Release|Any CPU.Build.0 = Release|Any CPU
		{ECE67FD9-86A2-45FA-8829-289F6FD0EA9C}.Release|ARM.ActiveCfg = Release|Any CPU
		{ECE67FD9-86A2-45FA-8829-289F6FD0EA9C}.Release|ARM.Build.0 = Release|Any CPU
		{ECE67FD9-86A2-45FA-8829-289F6FD0EA9C}.Release|ARM64.ActiveCfg = Release|Any CPU
		{ECE67FD9-86A2-45FA-8829-289F6FD0EA9C}.Release|ARM64.Build.0 = Release|Any CPU
		{ECE67FD9-86A2-45FA-8829-289F6FD0EA9C}.Release|iPhone.ActiveCfg = Release|Any CPU
		{ECE67FD9-86A2-45FA-8829-289F6FD0EA9C}.Release|iPhone.Build.0 = Release|Any CPU
		{ECE67FD9-86A2-45FA-8829-289F6FD0EA9C}.Release|iPhoneSimulator.ActiveCfg = Release|Any CPU
		{ECE67FD9-86A2-45FA-8829-289F6FD0EA9C}.Release|iPhoneSimulator.Build.0 = Release|Any CPU
		{ECE67FD9-86A2-45FA-8829-289F6FD0EA9C}.Release|x64.ActiveCfg = Release|Any CPU
		{ECE67FD9-86A2-45FA-8829-289F6FD0EA9C}.Release|x64.Build.0 = Release|Any CPU
		{ECE67FD9-86A2-45FA-8829-289F6FD0EA9C}.Release|x86.ActiveCfg = Release|Any CPU
		{ECE67FD9-86A2-45FA-8829-289F6FD0EA9C}.Release|x86.Build.0 = Release|Any CPU
		{35119A6A-2C88-4009-AE0A-2ABDD022112E}.Ad-Hoc|Any CPU.ActiveCfg = Debug|iPhoneSimulator
		{35119A6A-2C88-4009-AE0A-2ABDD022112E}.Ad-Hoc|Any CPU.Build.0 = Debug|iPhoneSimulator
		{35119A6A-2C88-4009-AE0A-2ABDD022112E}.Ad-Hoc|ARM.ActiveCfg = Debug|iPhoneSimulator
		{35119A6A-2C88-4009-AE0A-2ABDD022112E}.Ad-Hoc|ARM.Build.0 = Debug|iPhoneSimulator
		{35119A6A-2C88-4009-AE0A-2ABDD022112E}.Ad-Hoc|ARM64.ActiveCfg = Debug|iPhoneSimulator
		{35119A6A-2C88-4009-AE0A-2ABDD022112E}.Ad-Hoc|ARM64.Build.0 = Debug|iPhoneSimulator
		{35119A6A-2C88-4009-AE0A-2ABDD022112E}.Ad-Hoc|iPhone.ActiveCfg = Debug|iPhoneSimulator
		{35119A6A-2C88-4009-AE0A-2ABDD022112E}.Ad-Hoc|iPhone.Build.0 = Debug|iPhoneSimulator
		{35119A6A-2C88-4009-AE0A-2ABDD022112E}.Ad-Hoc|iPhoneSimulator.ActiveCfg = Debug|iPhoneSimulator
		{35119A6A-2C88-4009-AE0A-2ABDD022112E}.Ad-Hoc|iPhoneSimulator.Build.0 = Debug|iPhoneSimulator
		{35119A6A-2C88-4009-AE0A-2ABDD022112E}.Ad-Hoc|x64.ActiveCfg = Debug|iPhoneSimulator
		{35119A6A-2C88-4009-AE0A-2ABDD022112E}.Ad-Hoc|x64.Build.0 = Debug|iPhoneSimulator
		{35119A6A-2C88-4009-AE0A-2ABDD022112E}.Ad-Hoc|x86.ActiveCfg = Debug|iPhoneSimulator
		{35119A6A-2C88-4009-AE0A-2ABDD022112E}.Ad-Hoc|x86.Build.0 = Debug|iPhoneSimulator
		{35119A6A-2C88-4009-AE0A-2ABDD022112E}.AppStore|Any CPU.ActiveCfg = Debug|iPhoneSimulator
		{35119A6A-2C88-4009-AE0A-2ABDD022112E}.AppStore|Any CPU.Build.0 = Debug|iPhoneSimulator
		{35119A6A-2C88-4009-AE0A-2ABDD022112E}.AppStore|ARM.ActiveCfg = Debug|iPhoneSimulator
		{35119A6A-2C88-4009-AE0A-2ABDD022112E}.AppStore|ARM.Build.0 = Debug|iPhoneSimulator
		{35119A6A-2C88-4009-AE0A-2ABDD022112E}.AppStore|ARM64.ActiveCfg = Debug|iPhoneSimulator
		{35119A6A-2C88-4009-AE0A-2ABDD022112E}.AppStore|ARM64.Build.0 = Debug|iPhoneSimulator
		{35119A6A-2C88-4009-AE0A-2ABDD022112E}.AppStore|iPhone.ActiveCfg = Debug|iPhoneSimulator
		{35119A6A-2C88-4009-AE0A-2ABDD022112E}.AppStore|iPhone.Build.0 = Debug|iPhoneSimulator
		{35119A6A-2C88-4009-AE0A-2ABDD022112E}.AppStore|iPhoneSimulator.ActiveCfg = Debug|iPhoneSimulator
		{35119A6A-2C88-4009-AE0A-2ABDD022112E}.AppStore|iPhoneSimulator.Build.0 = Debug|iPhoneSimulator
		{35119A6A-2C88-4009-AE0A-2ABDD022112E}.AppStore|x64.ActiveCfg = Debug|iPhoneSimulator
		{35119A6A-2C88-4009-AE0A-2ABDD022112E}.AppStore|x64.Build.0 = Debug|iPhoneSimulator
		{35119A6A-2C88-4009-AE0A-2ABDD022112E}.AppStore|x86.ActiveCfg = Debug|iPhoneSimulator
		{35119A6A-2C88-4009-AE0A-2ABDD022112E}.AppStore|x86.Build.0 = Debug|iPhoneSimulator
		{35119A6A-2C88-4009-AE0A-2ABDD022112E}.Debug|Any CPU.ActiveCfg = Debug|iPhoneSimulator
		{35119A6A-2C88-4009-AE0A-2ABDD022112E}.Debug|ARM.ActiveCfg = Debug|iPhoneSimulator
		{35119A6A-2C88-4009-AE0A-2ABDD022112E}.Debug|ARM64.ActiveCfg = Debug|iPhoneSimulator
		{35119A6A-2C88-4009-AE0A-2ABDD022112E}.Debug|iPhone.ActiveCfg = Debug|iPhoneSimulator
		{35119A6A-2C88-4009-AE0A-2ABDD022112E}.Debug|iPhoneSimulator.ActiveCfg = Debug|iPhoneSimulator
		{35119A6A-2C88-4009-AE0A-2ABDD022112E}.Debug|iPhoneSimulator.Build.0 = Debug|iPhoneSimulator
		{35119A6A-2C88-4009-AE0A-2ABDD022112E}.Debug|x64.ActiveCfg = Debug|iPhoneSimulator
		{35119A6A-2C88-4009-AE0A-2ABDD022112E}.Debug|x86.ActiveCfg = Debug|iPhoneSimulator
		{35119A6A-2C88-4009-AE0A-2ABDD022112E}.Release|Any CPU.ActiveCfg = Release|iPhoneSimulator
		{35119A6A-2C88-4009-AE0A-2ABDD022112E}.Release|ARM.ActiveCfg = Release|iPhoneSimulator
		{35119A6A-2C88-4009-AE0A-2ABDD022112E}.Release|ARM64.ActiveCfg = Release|iPhoneSimulator
		{35119A6A-2C88-4009-AE0A-2ABDD022112E}.Release|iPhone.ActiveCfg = Release|iPhoneSimulator
		{35119A6A-2C88-4009-AE0A-2ABDD022112E}.Release|iPhoneSimulator.ActiveCfg = Release|iPhoneSimulator
		{35119A6A-2C88-4009-AE0A-2ABDD022112E}.Release|iPhoneSimulator.Build.0 = Release|iPhoneSimulator
		{35119A6A-2C88-4009-AE0A-2ABDD022112E}.Release|x64.ActiveCfg = Release|iPhoneSimulator
		{35119A6A-2C88-4009-AE0A-2ABDD022112E}.Release|x86.ActiveCfg = Release|iPhoneSimulator
	EndGlobalSection
	GlobalSection(SolutionProperties) = preSolution
		HideSolutionNode = FALSE
	EndGlobalSection
	GlobalSection(ExtensibilityGlobals) = postSolution
		SolutionGuid = {414FA255-E123-401B-8183-74814010E073}
	EndGlobalSection
EndGlobal
